
Microsoft Visual Studio Solution File, Format Version 12.00
# Visual Studio Version 17
VisualStudioVersion = 17.1.32228.430
MinimumVisualStudioVersion = 10.0.40219.1
Project("{FAE04EC0-301F-11D3-BF4B-00C04F79EFBC}") = "ConsoleApp1 Watki p2", "ConsoleApp1 Watki p2.csproj", "{BD91A6F7-A0F2-4D94-9FA4-6818DA95AA5D}"
EndProject
Global
	GlobalSection(SolutionConfigurationPlatforms) = preSolution
		Debug|Any CPU = Debug|Any CPU
		Release|Any CPU = Release|Any CPU
	EndGlobalSection
	GlobalSection(ProjectConfigurationPlatforms) = postSolution
		{BD91A6F7-A0F2-4D94-9FA4-6818DA95AA5D}.Debug|Any CPU.ActiveCfg = Debug|Any CPU
		{BD91A6F7-A0F2-4D94-9FA4-6818DA95AA5D}.Debug|Any CPU.Build.0 = Debug|Any CPU
		{BD91A6F7-A0F2-4D94-9FA4-6818DA95AA5D}.Release|Any CPU.ActiveCfg = Release|Any CPU
		{BD91A6F7-A0F2-4D94-9FA4-6818DA95AA5D}.Release|Any CPU.Build.0 = Release|Any CPU
	EndGlobalSection
	GlobalSection(SolutionProperties) = preSolution
		HideSolutionNode = FALSE
	EndGlobalSection
	GlobalSection(ExtensibilityGlobals) = postSolution
		SolutionGuid = {C01222DE-D25D-4B4F-BD3A-D1B46AF3F59D}
	EndGlobalSection
EndGlobal
