
Microsoft Visual Studio Solution File, Format Version 12.00
# Visual Studio Version 17
VisualStudioVersion = 17.1.32228.430
MinimumVisualStudioVersion = 10.0.40219.1
Project("{FAE04EC0-301F-11D3-BF4B-00C04F79EFBC}") = "chart", "chart.csproj", "{66FDBC96-AF0A-4650-95A3-F5CA74675AE4}"
EndProject
Global
	GlobalSection(SolutionConfigurationPlatforms) = preSolution
		Debug|Any CPU = Debug|Any CPU
		Release|Any CPU = Release|Any CPU
	EndGlobalSection
	GlobalSection(ProjectConfigurationPlatforms) = postSolution
		{66FDBC96-AF0A-4650-95A3-F5CA74675AE4}.Debug|Any CPU.ActiveCfg = Debug|Any CPU
		{66FDBC96-AF0A-4650-95A3-F5CA74675AE4}.Debug|Any CPU.Build.0 = Debug|Any CPU
		{66FDBC96-AF0A-4650-95A3-F5CA74675AE4}.Release|Any CPU.ActiveCfg = Release|Any CPU
		{66FDBC96-AF0A-4650-95A3-F5CA74675AE4}.Release|Any CPU.Build.0 = Release|Any CPU
	EndGlobalSection
	GlobalSection(SolutionProperties) = preSolution
		HideSolutionNode = FALSE
	EndGlobalSection
	GlobalSection(ExtensibilityGlobals) = postSolution
		SolutionGuid = {43A3DC17-F929-43F1-B55A-C5D737C28F8C}
	EndGlobalSection
EndGlobal
